// !$*UTF8*$!
{
	archiveVersion = 1;
	classes = {
	};
	objectVersion = 77;
	objects = {

/* Begin PBXBuildFile section */
		CD069AE62D765E5D0057571B /* DynamicUserInputIntent.swift in Sources */ = {isa = PBXBuildFile; fileRef = CD069AE52D765E5D0057571B /* DynamicUserInputIntent.swift */; };
		CD359E8C2D71259D00F5FD03 /* Assets.xcassets in Resources */ = {isa = PBXBuildFile; fileRef = CD359E832D71259D00F5FD03 /* Assets.xcassets */; };
		CD359E8E2D71259D00F5FD03 /* LaunchScreen.storyboard in Resources */ = {isa = PBXBuildFile; fileRef = CD359E862D71259D00F5FD03 /* LaunchScreen.storyboard */; };
		CD359E902D71259D00F5FD03 /* AppDelegate.swift in Sources */ = {isa = PBXBuildFile; fileRef = CD359E822D71259D00F5FD03 /* AppDelegate.swift */; };
		CD359E912D71259D00F5FD03 /* MainTabVC.swift in Sources */ = {isa = PBXBuildFile; fileRef = CD359E892D71259D00F5FD03 /* MainTabVC.swift */; };
		CD359E922D71259D00F5FD03 /* SceneDelegate.swift in Sources */ = {isa = PBXBuildFile; fileRef = CD359E8A2D71259D00F5FD03 /* SceneDelegate.swift */; };
		CDB000272D712CCA00F9ED47 /* OpenTab.swift in Sources */ = {isa = PBXBuildFile; fileRef = CDB000262D712CCA00F9ED47 /* OpenTab.swift */; };
		CDB000292D72587000F9ED47 /* OpenTabProvider.swift in Sources */ = {isa = PBXBuildFile; fileRef = CDB000282D72587000F9ED47 /* OpenTabProvider.swift */; };
/* End PBXBuildFile section */

/* Begin PBXFileReference section */
		CD069AE52D765E5D0057571B /* DynamicUserInputIntent.swift */ = {isa = PBXFileReference; lastKnownFileType = sourcecode.swift; path = DynamicUserInputIntent.swift; sourceTree = "<group>"; };
		CD359E6A2D71210B00F5FD03 /* TestAppIntents.app */ = {isa = PBXFileReference; explicitFileType = wrapper.application; includeInIndex = 0; path = TestAppIntents.app; sourceTree = BUILT_PRODUCTS_DIR; };
		CD359E822D71259D00F5FD03 /* AppDelegate.swift */ = {isa = PBXFileReference; lastKnownFileType = sourcecode.swift; path = AppDelegate.swift; sourceTree = "<group>"; };
		CD359E832D71259D00F5FD03 /* Assets.xcassets */ = {isa = PBXFileReference; lastKnownFileType = folder.assetcatalog; path = Assets.xcassets; sourceTree = "<group>"; };
		CD359E842D71259D00F5FD03 /* Info.plist */ = {isa = PBXFileReference; lastKnownFileType = text.plist.xml; path = Info.plist; sourceTree = "<group>"; };
		CD359E852D71259D00F5FD03 /* Base */ = {isa = PBXFileReference; lastKnownFileType = file.storyboard; name = Base; path = Base.lproj/LaunchScreen.storyboard; sourceTree = "<group>"; };
		CD359E892D71259D00F5FD03 /* MainTabVC.swift */ = {isa = PBXFileReference; lastKnownFileType = sourcecode.swift; path = MainTabVC.swift; sourceTree = "<group>"; };
		CD359E8A2D71259D00F5FD03 /* SceneDelegate.swift */ = {isa = PBXFileReference; lastKnownFileType = sourcecode.swift; path = SceneDelegate.swift; sourceTree = "<group>"; };
		CDB000262D712CCA00F9ED47 /* OpenTab.swift */ = {isa = PBXFileReference; lastKnownFileType = sourcecode.swift; path = OpenTab.swift; sourceTree = "<group>"; };
		CDB000282D72587000F9ED47 /* OpenTabProvider.swift */ = {isa = PBXFileReference; lastKnownFileType = sourcecode.swift; path = OpenTabProvider.swift; sourceTree = "<group>"; };
/* End PBXFileReference section */

/* Begin PBXFrameworksBuildPhase section */
		CD359E672D71210B00F5FD03 /* Frameworks */ = {
			isa = PBXFrameworksBuildPhase;
			buildActionMask = 2147483647;
			files = (
			);
			runOnlyForDeploymentPostprocessing = 0;
		};
/* End PBXFrameworksBuildPhase section */

/* Begin PBXGroup section */
		CD359E612D71210B00F5FD03 = {
			isa = PBXGroup;
			children = (
				CD359E8B2D71259D00F5FD03 /* TestAppIntents */,
				CD359E6B2D71210B00F5FD03 /* Products */,
			);
			sourceTree = "<group>";
		};
		CD359E6B2D71210B00F5FD03 /* Products */ = {
			isa = PBXGroup;
			children = (
				CD359E6A2D71210B00F5FD03 /* TestAppIntents.app */,
			);
			name = Products;
			sourceTree = "<group>";
		};
		CD359E8B2D71259D00F5FD03 /* TestAppIntents */ = {
			isa = PBXGroup;
			children = (
				CD359E822D71259D00F5FD03 /* AppDelegate.swift */,
				CD359E8A2D71259D00F5FD03 /* SceneDelegate.swift */,
				CD359E832D71259D00F5FD03 /* Assets.xcassets */,
				CD359E842D71259D00F5FD03 /* Info.plist */,
				CD359E862D71259D00F5FD03 /* LaunchScreen.storyboard */,
				CD359E892D71259D00F5FD03 /* MainTabVC.swift */,
				CDB000262D712CCA00F9ED47 /* OpenTab.swift */,
				CDB000282D72587000F9ED47 /* OpenTabProvider.swift */,
				CD069AE52D765E5D0057571B /* DynamicUserInputIntent.swift */,
			);
			path = TestAppIntents;
			sourceTree = "<group>";
		};
/* End PBXGroup section */

/* Begin PBXNativeTarget section */
		CD359E692D71210B00F5FD03 /* TestAppIntents */ = {
			isa = PBXNativeTarget;
			buildConfigurationList = CD359E7D2D71210C00F5FD03 /* Build configuration list for PBXNativeTarget "TestAppIntents" */;
			buildPhases = (
				CD359E662D71210B00F5FD03 /* Sources */,
				CD359E672D71210B00F5FD03 /* Frameworks */,
				CD359E682D71210B00F5FD03 /* Resources */,
			);
			buildRules = (
			);
			dependencies = (
			);
			name = TestAppIntents;
			packageProductDependencies = (
			);
			productName = TestAppIntents;
			productReference = CD359E6A2D71210B00F5FD03 /* TestAppIntents.app */;
			productType = "com.apple.product-type.application";
		};
/* End PBXNativeTarget section */

/* Begin PBXProject section */
		CD359E622D71210B00F5FD03 /* Project object */ = {
			isa = PBXProject;
			attributes = {
				BuildIndependentTargetsInParallel = 1;
				LastSwiftUpdateCheck = 1620;
				LastUpgradeCheck = 1620;
				TargetAttributes = {
					CD359E692D71210B00F5FD03 = {
						CreatedOnToolsVersion = 16.2;
					};
				};
			};
			buildConfigurationList = CD359E652D71210B00F5FD03 /* Build configuration list for PBXProject "TestAppIntents" */;
			developmentRegion = en;
			hasScannedForEncodings = 0;
			knownRegions = (
				en,
				Base,
			);
			mainGroup = CD359E612D71210B00F5FD03;
			minimizedProjectReferenceProxies = 1;
			preferredProjectObjectVersion = 77;
			productRefGroup = CD359E6B2D71210B00F5FD03 /* Products */;
			projectDirPath = "";
			projectRoot = "";
			targets = (
				CD359E692D71210B00F5FD03 /* TestAppIntents */,
			);
		};
/* End PBXProject section */

/* Begin PBXResourcesBuildPhase section */
		CD359E682D71210B00F5FD03 /* Resources */ = {
			isa = PBXResourcesBuildPhase;
			buildActionMask = 2147483647;
			files = (
				CD359E8C2D71259D00F5FD03 /* Assets.xcassets in Resources */,
				CD359E8E2D71259D00F5FD03 /* LaunchScreen.storyboard in Resources */,
			);
			runOnlyForDeploymentPostprocessing = 0;
		};
/* End PBXResourcesBuildPhase section */

/* Begin PBXSourcesBuildPhase section */
		CD359E662D71210B00F5FD03 /* Sources */ = {
			isa = PBXSourcesBuildPhase;
			buildActionMask = 2147483647;
			files = (
				CDB000292D72587000F9ED47 /* OpenTabProvider.swift in Sources */,
				CD069AE62D765E5D0057571B /* DynamicUserInputIntent.swift in Sources */,
				CD359E902D71259D00F5FD03 /* AppDelegate.swift in Sources */,
				CDB000272D712CCA00F9ED47 /* OpenTab.swift in Sources */,
				CD359E912D71259D00F5FD03 /* MainTabVC.swift in Sources */,
				CD359E922D71259D00F5FD03 /* SceneDelegate.swift in Sources */,
			);
			runOnlyForDeploymentPostprocessing = 0;
		};
/* End PBXSourcesBuildPhase section */

/* Begin PBXVariantGroup section */
		CD359E862D71259D00F5FD03 /* LaunchScreen.storyboard */ = {
			isa = PBXVariantGroup;
			children = (
				CD359E852D71259D00F5FD03 /* Base */,
			);
			name = LaunchScreen.storyboard;
			sourceTree = "<group>";
		};
/* End PBXVariantGroup section */

/* Begin XCBuildConfiguration section */
		CD359E7E2D71210C00F5FD03 /* Debug */ = {
			isa = XCBuildConfiguration;
			buildSettings = {
				ASSETCATALOG_COMPILER_APPICON_NAME = AppIcon;
				ASSETCATALOG_COMPILER_GLOBAL_ACCENT_COLOR_NAME = AccentColor;
				CODE_SIGN_STYLE = Automatic;
				CURRENT_PROJECT_VERSION = 1;
				DEVELOPMENT_TEAM = K6XPG45H4A;
				GENERATE_INFOPLIST_FILE = YES;
				INFOPLIST_FILE = TestAppIntents/Info.plist;
				INFOPLIST_KEY_UIApplicationSupportsIndirectInputEvents = YES;
				INFOPLIST_KEY_UILaunchStoryboardName = LaunchScreen;
				INFOPLIST_KEY_UISupportedInterfaceOrientations = UIInterfaceOrientationPortrait;
				IPHONEOS_DEPLOYMENT_TARGET = 17.0;
				LD_RUNPATH_SEARCH_PATHS = (
					"$(inherited)",
					"@executable_path/Frameworks",
				);
				MARKETING_VERSION = 1.0;
				PRODUCT_BUNDLE_IDENTIFIER = com.cbsvideo.app.TestAppIntents;
				PRODUCT_NAME = "$(TARGET_NAME)";
				SWIFT_EMIT_LOC_STRINGS = YES;
				SWIFT_VERSION = 5.0;
				TARGETED_DEVICE_FAMILY = "1,2";
			};
			name = Debug;
		};
		CD359E7F2D71210C00F5FD03 /* Release */ = {
			isa = XCBuildConfiguration;
			buildSettings = {
				ASSETCATALOG_COMPILER_APPICON_NAME = AppIcon;
				ASSETCATALOG_COMPILER_GLOBAL_ACCENT_COLOR_NAME = AccentColor;
				CODE_SIGN_STYLE = Automatic;
				CURRENT_PROJECT_VERSION = 1;
				DEVELOPMENT_TEAM = K6XPG45H4A;
				GENERATE_INFOPLIST_FILE = YES;
				INFOPLIST_FILE = TestAppIntents/Info.plist;
				INFOPLIST_KEY_UIApplicationSupportsIndirectInputEvents = YES;
				INFOPLIST_KEY_UILaunchStoryboardName = LaunchScreen;
				INFOPLIST_KEY_UISupportedInterfaceOrientations = UIInterfaceOrientationPortrait;
				IPHONEOS_DEPLOYMENT_TARGET = 17.0;
				LD_RUNPATH_SEARCH_PATHS = (
					"$(inherited)",
					"@executable_path/Frameworks",
				);
				MARKETING_VERSION = 1.0;
				PRODUCT_BUNDLE_IDENTIFIER = com.cbsvideo.app.TestAppIntents;
				PRODUCT_NAME = "$(TARGET_NAME)";
				SWIFT_EMIT_LOC_STRINGS = YES;
				SWIFT_VERSION = 5.0;
				TARGETED_DEVICE_FAMILY = "1,2";
			};
			name = Release;
		};
		CD359E802D71210C00F5FD03 /* Debug */ = {
			isa = XCBuildConfiguration;
			buildSettings = {
				ALWAYS_SEARCH_USER_PATHS = NO;
				ASSETCATALOG_COMPILER_GENERATE_SWIFT_ASSET_SYMBOL_EXTENSIONS = YES;
				CLANG_ANALYZER_NONNULL = YES;
				CLANG_ANALYZER_NUMBER_OBJECT_CONVERSION = YES_AGGRESSIVE;
				CLANG_CXX_LANGUAGE_STANDARD = "gnu++20";
				CLANG_ENABLE_MODULES = YES;
				CLANG_ENABLE_OBJC_ARC = YES;
				CLANG_ENABLE_OBJC_WEAK = YES;
				CLANG_WARN_BLOCK_CAPTURE_AUTORELEASING = YES;
				CLANG_WARN_BOOL_CONVERSION = YES;
				CLANG_WARN_COMMA = YES;
				CLANG_WARN_CONSTANT_CONVERSION = YES;
				CLANG_WARN_DEPRECATED_OBJC_IMPLEMENTATIONS = YES;
				CLANG_WARN_DIRECT_OBJC_ISA_USAGE = YES_ERROR;
				CLANG_WARN_DOCUMENTATION_COMMENTS = YES;
				CLANG_WARN_EMPTY_BODY = YES;
				CLANG_WARN_ENUM_CONVERSION = YES;
				CLANG_WARN_INFINITE_RECURSION = YES;
				CLANG_WARN_INT_CONVERSION = YES;
				CLANG_WARN_NON_LITERAL_NULL_CONVERSION = YES;
				CLANG_WARN_OBJC_IMPLICIT_RETAIN_SELF = YES;
				CLANG_WARN_OBJC_LITERAL_CONVERSION = YES;
				CLANG_WARN_OBJC_ROOT_CLASS = YES_ERROR;
				CLANG_WARN_QUOTED_INCLUDE_IN_FRAMEWORK_HEADER = YES;
				CLANG_WARN_RANGE_LOOP_ANALYSIS = YES;
				CLANG_WARN_STRICT_PROTOTYPES = YES;
				CLANG_WARN_SUSPICIOUS_MOVE = YES;
				CLANG_WARN_UNGUARDED_AVAILABILITY = YES_AGGRESSIVE;
				CLANG_WARN_UNREACHABLE_CODE = YES;
				CLANG_WARN__DUPLICATE_METHOD_MATCH = YES;
				COPY_PHASE_STRIP = NO;
				DEBUG_INFORMATION_FORMAT = dwarf;
				ENABLE_STRICT_OBJC_MSGSEND = YES;
				ENABLE_TESTABILITY = YES;
				ENABLE_USER_SCRIPT_SANDBOXING = YES;
				GCC_C_LANGUAGE_STANDARD = gnu17;
				GCC_DYNAMIC_NO_PIC = NO;
				GCC_NO_COMMON_BLOCKS = YES;
				GCC_OPTIMIZATION_LEVEL = 0;
				GCC_PREPROCESSOR_DEFINITIONS = (
					"DEBUG=1",
					"$(inherited)",
				);
				GCC_WARN_64_TO_32_BIT_CONVERSION = YES;
				GCC_WARN_ABOUT_RETURN_TYPE = YES_ERROR;
				GCC_WARN_UNDECLARED_SELECTOR = YES;
				GCC_WARN_UNINITIALIZED_AUTOS = YES_AGGRESSIVE;
				GCC_WARN_UNUSED_FUNCTION = YES;
				GCC_WARN_UNUSED_VARIABLE = YES;
				IPHONEOS_DEPLOYMENT_TARGET = 17.6;
				LOCALIZATION_PREFERS_STRING_CATALOGS = YES;
				MTL_ENABLE_DEBUG_INFO = INCLUDE_SOURCE;
				MTL_FAST_MATH = YES;
				ONLY_ACTIVE_ARCH = YES;
				SDKROOT = iphoneos;
				SWIFT_ACTIVE_COMPILATION_CONDITIONS = "DEBUG $(inherited)";
				SWIFT_OPTIMIZATION_LEVEL = "-Onone";
			};
			name = Debug;
		};
		CD359E812D71210C00F5FD03 /* Release */ = {
			isa = XCBuildConfiguration;
			buildSettings = {
				ALWAYS_SEARCH_USER_PATHS = NO;
				ASSETCATALOG_COMPILER_GENERATE_SWIFT_ASSET_SYMBOL_EXTENSIONS = YES;
				CLANG_ANALYZER_NONNULL = YES;
				CLANG_ANALYZER_NUMBER_OBJECT_CONVERSION = YES_AGGRESSIVE;
				CLANG_CXX_LANGUAGE_STANDARD = "gnu++20";
				CLANG_ENABLE_MODULES = YES;
				CLANG_ENABLE_OBJC_ARC = YES;
				CLANG_ENABLE_OBJC_WEAK = YES;
				CLANG_WARN_BLOCK_CAPTURE_AUTORELEASING = YES;
				CLANG_WARN_BOOL_CONVERSION = YES;
				CLANG_WARN_COMMA = YES;
				CLANG_WARN_CONSTANT_CONVERSION = YES;
				CLANG_WARN_DEPRECATED_OBJC_IMPLEMENTATIONS = YES;
				CLANG_WARN_DIRECT_OBJC_ISA_USAGE = YES_ERROR;
				CLANG_WARN_DOCUMENTATION_COMMENTS = YES;
				CLANG_WARN_EMPTY_BODY = YES;
				CLANG_WARN_ENUM_CONVERSION = YES;
				CLANG_WARN_INFINITE_RECURSION = YES;
				CLANG_WARN_INT_CONVERSION = YES;
				CLANG_WARN_NON_LITERAL_NULL_CONVERSION = YES;
				CLANG_WARN_OBJC_IMPLICIT_RETAIN_SELF = YES;
				CLANG_WARN_OBJC_LITERAL_CONVERSION = YES;
				CLANG_WARN_OBJC_ROOT_CLASS = YES_ERROR;
				CLANG_WARN_QUOTED_INCLUDE_IN_FRAMEWORK_HEADER = YES;
				CLANG_WARN_RANGE_LOOP_ANALYSIS = YES;
				CLANG_WARN_STRICT_PROTOTYPES = YES;
				CLANG_WARN_SUSPICIOUS_MOVE = YES;
				CLANG_WARN_UNGUARDED_AVAILABILITY = YES_AGGRESSIVE;
				CLANG_WARN_UNREACHABLE_CODE = YES;
				CLANG_WARN__DUPLICATE_METHOD_MATCH = YES;
				COPY_PHASE_STRIP = NO;
				DEBUG_INFORMATION_FORMAT = "dwarf-with-dsym";
				ENABLE_NS_ASSERTIONS = NO;
				ENABLE_STRICT_OBJC_MSGSEND = YES;
				ENABLE_USER_SCRIPT_SANDBOXING = YES;
				GCC_C_LANGUAGE_STANDARD = gnu17;
				GCC_NO_COMMON_BLOCKS = YES;
				GCC_WARN_64_TO_32_BIT_CONVERSION = YES;
				GCC_WARN_ABOUT_RETURN_TYPE = YES_ERROR;
				GCC_WARN_UNDECLARED_SELECTOR = YES;
				GCC_WARN_UNINITIALIZED_AUTOS = YES_AGGRESSIVE;
				GCC_WARN_UNUSED_FUNCTION = YES;
				GCC_WARN_UNUSED_VARIABLE = YES;
				IPHONEOS_DEPLOYMENT_TARGET = 17.6;
				LOCALIZATION_PREFERS_STRING_CATALOGS = YES;
				MTL_ENABLE_DEBUG_INFO = NO;
				MTL_FAST_MATH = YES;
				SDKROOT = iphoneos;
				SWIFT_COMPILATION_MODE = wholemodule;
				VALIDATE_PRODUCT = YES;
			};
			name = Release;
		};
/* End XCBuildConfiguration section */

/* Begin XCConfigurationList section */
		CD359E652D71210B00F5FD03 /* Build configuration list for PBXProject "TestAppIntents" */ = {
			isa = XCConfigurationList;
			buildConfigurations = (
				CD359E802D71210C00F5FD03 /* Debug */,
				CD359E812D71210C00F5FD03 /* Release */,
			);
			defaultConfigurationIsVisible = 0;
			defaultConfigurationName = Release;
		};
		CD359E7D2D71210C00F5FD03 /* Build configuration list for PBXNativeTarget "TestAppIntents" */ = {
			isa = XCConfigurationList;
			buildConfigurations = (
				CD359E7E2D71210C00F5FD03 /* Debug */,
				CD359E7F2D71210C00F5FD03 /* Release */,
			);
			defaultConfigurationIsVisible = 0;
			defaultConfigurationName = Release;
		};
/* End XCConfigurationList section */
	};
	rootObject = CD359E622D71210B00F5FD03 /* Project object */;
}
